{
  "nodes": {
    "nixpkgs": {
      "locked": {
        "lastModified": 1784120854,
        "narHash": "sha256-KesHgItiZPgGX740axSiQLcIQ8D24MDqNpkKYWIek8k=",
        "owner": "NixOS",
        "repo": "nixpkgs",
        "rev": "753cc8a3a87467296ddd1fa93f0cc3e81120ee46",
        "type": "github"
      },
      "original": {
        "owner": "NixOS",
        "ref": "nixos-unstable",
        "repo": "nixpkgs",
        "type": "github"
      }
    },
    "nixpkgs-x86-darwin": {
      "locked": {
        "lastModified": 1784182977,
        "narHash": "sha256-Hy8zg2HEcsk4WqowQK3UKRXz1fdQM7Z2un3nSyLbJaQ=",
        "owner": "NixOS",
        "repo": "nixpkgs",
        "rev": "29c22b7761070f37c4c2b0dd6a8777f0bd43e268",
        "type": "github"
      },
      "original": {
        "owner": "NixOS",
        "ref": "nixpkgs-26.05-darwin",
        "repo": "nixpkgs",
        "type": "github"
      }
    },
    "root": {
      "inputs": {
        "nixpkgs": "nixpkgs",
        "nixpkgs-x86-darwin": "nixpkgs-x86-darwin"
      }
    }
  },
  "root": "root",
  "version": 7
}
